
Microsoft Visual Studio Solution File, Format Version 12.00
# Visual Studio 2012
Project("{FAE04EC0-301F-11D3-BF4B-00C04F79EFBC}") = "NStack.Common", "NStack.Common\NStack.Common.csproj", "{647D81A7-01E7-4074-B28A-D5284A1C4196}"
EndProject
Project("{FAE04EC0-301F-11D3-BF4B-00C04F79EFBC}") = "NStack.Common.Tests", "NStack.Common.Tests\NStack.Common.Tests.csproj", "{C4F4B854-12FF-49FB-BD80-3B6DB7FF3142}"
EndProject
Project("{2150E333-8FDC-42A3-9474-1A3956D46DE8}") = "src", "src", "{03EDE2D3-F66E-4955-8FBB-9F72D5E12A8F}"
EndProject
Project("{2150E333-8FDC-42A3-9474-1A3956D46DE8}") = "tests", "tests", "{87DE6C7B-A6FE-45E1-956E-0F9109683BB9}"
EndProject
Project("{FAE04EC0-301F-11D3-BF4B-00C04F79EFBC}") = "NStack.NHibernate", "NStack.NHibernate\NStack.NHibernate.csproj", "{4ED046DC-68AF-4851-B9F4-F40F25739E0F}"
EndProject
Project("{FAE04EC0-301F-11D3-BF4B-00C04F79EFBC}") = "NStack.NHibernate.Tests", "NStack.NHibernate.Tests\NStack.NHibernate.Tests.csproj", "{3C7BD1B2-F051-41F2-BA01-5CBA3103A2EB}"
EndProject
Project("{2150E333-8FDC-42A3-9474-1A3956D46DE8}") = "Solution Items", "Solution Items", "{716D97F9-B417-43C0-AE4D-B59041DCCDC1}"
	ProjectSection(SolutionItems) = preProject
		GlobalAssemblyInfo.cs = GlobalAssemblyInfo.cs
	EndProjectSection
EndProject
Project("{2150E333-8FDC-42A3-9474-1A3956D46DE8}") = ".nuget", ".nuget", "{F8A4F038-DA75-42C4-A24A-5F4897252996}"
	ProjectSection(SolutionItems) = preProject
		.nuget\NuGet.Config = .nuget\NuGet.Config
		.nuget\NuGet.exe = .nuget\NuGet.exe
		.nuget\NuGet.targets = .nuget\NuGet.targets
	EndProjectSection
EndProject
Project("{FAE04EC0-301F-11D3-BF4B-00C04F79EFBC}") = "NStack.Web", "NStack.Web\NStack.Web.csproj", "{FD301D5E-83BE-4CA0-A805-1A168AEB75BC}"
EndProject
Project("{FAE04EC0-301F-11D3-BF4B-00C04F79EFBC}") = "NStack.Web.Tests", "NStack.Web.Tests\NStack.Web.Tests.csproj", "{4F9B0C74-9E03-4FC6-8ADE-730AB18FF600}"
EndProject
Project("{FAE04EC0-301F-11D3-BF4B-00C04F79EFBC}") = "NStack.WebApi", "NStack.WebApi\NStack.WebApi.csproj", "{95C3DC8F-C1E1-4830-90F0-0BE8EA176DBC}"
EndProject
Project("{FAE04EC0-301F-11D3-BF4B-00C04F79EFBC}") = "NStack.WebApi.Tests", "NStack.WebApi.Tests\NStack.WebApi.Tests.csproj", "{6EA51D42-64C7-479F-A63F-BD8B683003F6}"
EndProject
Project("{FAE04EC0-301F-11D3-BF4B-00C04F79EFBC}") = "NStack.Testing", "NStack.Testing\NStack.Testing.csproj", "{088600E4-41EB-47C5-A835-439D6CDC1B90}"
EndProject
Project("{FAE04EC0-301F-11D3-BF4B-00C04F79EFBC}") = "NStack.NHibernate.Testing", "NStack.NHibernate.Testing\NStack.NHibernate.Testing.csproj", "{E811826E-3328-41E0-B5D3-A1A9BCB7355A}"
EndProject
Project("{FAE04EC0-301F-11D3-BF4B-00C04F79EFBC}") = "NStack.Autofac", "NStack.Autofac\NStack.Autofac.csproj", "{85ECCB0D-FC86-4CDB-847B-42BEC5E5BA52}"
EndProject
Project("{FAE04EC0-301F-11D3-BF4B-00C04F79EFBC}") = "NStack.Serilog", "NStack.Serilog\NStack.Serilog.csproj", "{B602AF0C-3AD8-43B4-A528-AAE32F2E9803}"
EndProject
Project("{FAE04EC0-301F-11D3-BF4B-00C04F79EFBC}") = "NStack.Serilog.Tests", "NStack.Serilog.Tests\NStack.Serilog.Tests.csproj", "{BBAE89FF-BE4A-482A-BC51-84EC11C9321B}"
EndProject
Project("{2150E333-8FDC-42A3-9474-1A3956D46DE8}") = "Integration", "Integration", "{9852F73E-107C-4156-BD35-BBC91DF19504}"
EndProject
Project("{2150E333-8FDC-42A3-9474-1A3956D46DE8}") = "src", "src", "{EB9F196E-674A-45B0-8D53-EE4E98F08364}"
EndProject
Project("{2150E333-8FDC-42A3-9474-1A3956D46DE8}") = "tests", "tests", "{E6E93596-FC36-416E-9D76-BE7A92E7DEB6}"
EndProject
Project("{2150E333-8FDC-42A3-9474-1A3956D46DE8}") = "Core", "Core", "{8CE4A448-E9CE-47ED-AC47-0D42FAA51492}"
EndProject
Global
	GlobalSection(SolutionConfigurationPlatforms) = preSolution
		Debug|Any CPU = Debug|Any CPU
		Release|Any CPU = Release|Any CPU
	EndGlobalSection
	GlobalSection(ProjectConfigurationPlatforms) = postSolution
		{647D81A7-01E7-4074-B28A-D5284A1C4196}.Debug|Any CPU.ActiveCfg = Debug|Any CPU
		{647D81A7-01E7-4074-B28A-D5284A1C4196}.Debug|Any CPU.Build.0 = Debug|Any CPU
		{647D81A7-01E7-4074-B28A-D5284A1C4196}.Release|Any CPU.ActiveCfg = Release|Any CPU
		{647D81A7-01E7-4074-B28A-D5284A1C4196}.Release|Any CPU.Build.0 = Release|Any CPU
		{C4F4B854-12FF-49FB-BD80-3B6DB7FF3142}.Debug|Any CPU.ActiveCfg = Debug|Any CPU
		{C4F4B854-12FF-49FB-BD80-3B6DB7FF3142}.Debug|Any CPU.Build.0 = Debug|Any CPU
		{C4F4B854-12FF-49FB-BD80-3B6DB7FF3142}.Release|Any CPU.ActiveCfg = Release|Any CPU
		{C4F4B854-12FF-49FB-BD80-3B6DB7FF3142}.Release|Any CPU.Build.0 = Release|Any CPU
		{4ED046DC-68AF-4851-B9F4-F40F25739E0F}.Debug|Any CPU.ActiveCfg = Debug|Any CPU
		{4ED046DC-68AF-4851-B9F4-F40F25739E0F}.Debug|Any CPU.Build.0 = Debug|Any CPU
		{4ED046DC-68AF-4851-B9F4-F40F25739E0F}.Release|Any CPU.ActiveCfg = Release|Any CPU
		{4ED046DC-68AF-4851-B9F4-F40F25739E0F}.Release|Any CPU.Build.0 = Release|Any CPU
		{3C7BD1B2-F051-41F2-BA01-5CBA3103A2EB}.Debug|Any CPU.ActiveCfg = Debug|Any CPU
		{3C7BD1B2-F051-41F2-BA01-5CBA3103A2EB}.Debug|Any CPU.Build.0 = Debug|Any CPU
		{3C7BD1B2-F051-41F2-BA01-5CBA3103A2EB}.Release|Any CPU.ActiveCfg = Release|Any CPU
		{3C7BD1B2-F051-41F2-BA01-5CBA3103A2EB}.Release|Any CPU.Build.0 = Release|Any CPU
		{FD301D5E-83BE-4CA0-A805-1A168AEB75BC}.Debug|Any CPU.ActiveCfg = Debug|Any CPU
		{FD301D5E-83BE-4CA0-A805-1A168AEB75BC}.Debug|Any CPU.Build.0 = Debug|Any CPU
		{FD301D5E-83BE-4CA0-A805-1A168AEB75BC}.Release|Any CPU.ActiveCfg = Release|Any CPU
		{FD301D5E-83BE-4CA0-A805-1A168AEB75BC}.Release|Any CPU.Build.0 = Release|Any CPU
		{4F9B0C74-9E03-4FC6-8ADE-730AB18FF600}.Debug|Any CPU.ActiveCfg = Debug|Any CPU
		{4F9B0C74-9E03-4FC6-8ADE-730AB18FF600}.Debug|Any CPU.Build.0 = Debug|Any CPU
		{4F9B0C74-9E03-4FC6-8ADE-730AB18FF600}.Release|Any CPU.ActiveCfg = Release|Any CPU
		{4F9B0C74-9E03-4FC6-8ADE-730AB18FF600}.Release|Any CPU.Build.0 = Release|Any CPU
		{95C3DC8F-C1E1-4830-90F0-0BE8EA176DBC}.Debug|Any CPU.ActiveCfg = Debug|Any CPU
		{95C3DC8F-C1E1-4830-90F0-0BE8EA176DBC}.Debug|Any CPU.Build.0 = Debug|Any CPU
		{95C3DC8F-C1E1-4830-90F0-0BE8EA176DBC}.Release|Any CPU.ActiveCfg = Release|Any CPU
		{95C3DC8F-C1E1-4830-90F0-0BE8EA176DBC}.Release|Any CPU.Build.0 = Release|Any CPU
		{6EA51D42-64C7-479F-A63F-BD8B683003F6}.Debug|Any CPU.ActiveCfg = Debug|Any CPU
		{6EA51D42-64C7-479F-A63F-BD8B683003F6}.Debug|Any CPU.Build.0 = Debug|Any CPU
		{6EA51D42-64C7-479F-A63F-BD8B683003F6}.Release|Any CPU.ActiveCfg = Release|Any CPU
		{6EA51D42-64C7-479F-A63F-BD8B683003F6}.Release|Any CPU.Build.0 = Release|Any CPU
		{088600E4-41EB-47C5-A835-439D6CDC1B90}.Debug|Any CPU.ActiveCfg = Debug|Any CPU
		{088600E4-41EB-47C5-A835-439D6CDC1B90}.Debug|Any CPU.Build.0 = Debug|Any CPU
		{088600E4-41EB-47C5-A835-439D6CDC1B90}.Release|Any CPU.ActiveCfg = Release|Any CPU
		{088600E4-41EB-47C5-A835-439D6CDC1B90}.Release|Any CPU.Build.0 = Release|Any CPU
		{E811826E-3328-41E0-B5D3-A1A9BCB7355A}.Debug|Any CPU.ActiveCfg = Debug|Any CPU
		{E811826E-3328-41E0-B5D3-A1A9BCB7355A}.Debug|Any CPU.Build.0 = Debug|Any CPU
		{E811826E-3328-41E0-B5D3-A1A9BCB7355A}.Release|Any CPU.ActiveCfg = Release|Any CPU
		{E811826E-3328-41E0-B5D3-A1A9BCB7355A}.Release|Any CPU.Build.0 = Release|Any CPU
		{85ECCB0D-FC86-4CDB-847B-42BEC5E5BA52}.Debug|Any CPU.ActiveCfg = Debug|Any CPU
		{85ECCB0D-FC86-4CDB-847B-42BEC5E5BA52}.Debug|Any CPU.Build.0 = Debug|Any CPU
		{85ECCB0D-FC86-4CDB-847B-42BEC5E5BA52}.Release|Any CPU.ActiveCfg = Release|Any CPU
		{85ECCB0D-FC86-4CDB-847B-42BEC5E5BA52}.Release|Any CPU.Build.0 = Release|Any CPU
		{B602AF0C-3AD8-43B4-A528-AAE32F2E9803}.Debug|Any CPU.ActiveCfg = Debug|Any CPU
		{B602AF0C-3AD8-43B4-A528-AAE32F2E9803}.Debug|Any CPU.Build.0 = Debug|Any CPU
		{B602AF0C-3AD8-43B4-A528-AAE32F2E9803}.Release|Any CPU.ActiveCfg = Release|Any CPU
		{B602AF0C-3AD8-43B4-A528-AAE32F2E9803}.Release|Any CPU.Build.0 = Release|Any CPU
		{BBAE89FF-BE4A-482A-BC51-84EC11C9321B}.Debug|Any CPU.ActiveCfg = Debug|Any CPU
		{BBAE89FF-BE4A-482A-BC51-84EC11C9321B}.Debug|Any CPU.Build.0 = Debug|Any CPU
		{BBAE89FF-BE4A-482A-BC51-84EC11C9321B}.Release|Any CPU.ActiveCfg = Release|Any CPU
		{BBAE89FF-BE4A-482A-BC51-84EC11C9321B}.Release|Any CPU.Build.0 = Release|Any CPU
	EndGlobalSection
	GlobalSection(SolutionProperties) = preSolution
		HideSolutionNode = FALSE
	EndGlobalSection
	GlobalSection(NestedProjects) = preSolution
		{647D81A7-01E7-4074-B28A-D5284A1C4196} = {03EDE2D3-F66E-4955-8FBB-9F72D5E12A8F}
		{FD301D5E-83BE-4CA0-A805-1A168AEB75BC} = {03EDE2D3-F66E-4955-8FBB-9F72D5E12A8F}
		{95C3DC8F-C1E1-4830-90F0-0BE8EA176DBC} = {03EDE2D3-F66E-4955-8FBB-9F72D5E12A8F}
		{088600E4-41EB-47C5-A835-439D6CDC1B90} = {03EDE2D3-F66E-4955-8FBB-9F72D5E12A8F}
		{C4F4B854-12FF-49FB-BD80-3B6DB7FF3142} = {87DE6C7B-A6FE-45E1-956E-0F9109683BB9}
		{6EA51D42-64C7-479F-A63F-BD8B683003F6} = {87DE6C7B-A6FE-45E1-956E-0F9109683BB9}
		{4F9B0C74-9E03-4FC6-8ADE-730AB18FF600} = {87DE6C7B-A6FE-45E1-956E-0F9109683BB9}
		{EB9F196E-674A-45B0-8D53-EE4E98F08364} = {9852F73E-107C-4156-BD35-BBC91DF19504}
		{E6E93596-FC36-416E-9D76-BE7A92E7DEB6} = {9852F73E-107C-4156-BD35-BBC91DF19504}
		{85ECCB0D-FC86-4CDB-847B-42BEC5E5BA52} = {EB9F196E-674A-45B0-8D53-EE4E98F08364}
		{4ED046DC-68AF-4851-B9F4-F40F25739E0F} = {EB9F196E-674A-45B0-8D53-EE4E98F08364}
		{E811826E-3328-41E0-B5D3-A1A9BCB7355A} = {EB9F196E-674A-45B0-8D53-EE4E98F08364}
		{B602AF0C-3AD8-43B4-A528-AAE32F2E9803} = {EB9F196E-674A-45B0-8D53-EE4E98F08364}
		{3C7BD1B2-F051-41F2-BA01-5CBA3103A2EB} = {E6E93596-FC36-416E-9D76-BE7A92E7DEB6}
		{BBAE89FF-BE4A-482A-BC51-84EC11C9321B} = {E6E93596-FC36-416E-9D76-BE7A92E7DEB6}
		{03EDE2D3-F66E-4955-8FBB-9F72D5E12A8F} = {8CE4A448-E9CE-47ED-AC47-0D42FAA51492}
		{87DE6C7B-A6FE-45E1-956E-0F9109683BB9} = {8CE4A448-E9CE-47ED-AC47-0D42FAA51492}
	EndGlobalSection
EndGlobal
